{
  "name": "website-3.0-docker",
  "version": "1.0.0",
  "lockfileVersion": 1,
  "requires": true,
  "dependencies": {
    "@nathanfriend/cooltojs": {
      "version": "1.0.2",
      "resolved": "https://registry.npmjs.org/@nathanfriend/cooltojs/-/cooltojs-1.0.2.tgz",
      "integrity": "sha512-Ng0UVvm8Bj/FE6Wy5MFckc589v1cEn29fQOdQlnwmPcSWbefr7YqZh11EWD3T7tZsISGR3tUZTjrJhyXhWY3ig=="
    },
    "@nathanfriend/fortune-flash-briefings": {
      "version": "1.0.2",
      "resolved": "https://registry.npmjs.org/@nathanfriend/fortune-flash-briefings/-/fortune-flash-briefings-1.0.2.tgz",
      "integrity": "sha512-i6oUycAxX5EtRvcvOOVj1zB0JXhZDrduZz+xUAK3/aAjDiN0BVbZ5gtMPhrnH/x7/f0EtEmM0xp2brt57oFqJQ=="
    },
    "@nathanfriend/inspirograph": {
      "version": "1.1.3",
      "resolved": "https://registry.npmjs.org/@nathanfriend/inspirograph/-/inspirograph-1.1.3.tgz",
      "integrity": "sha512-oFffOpHnM04uXcmDC8xulzWEQxCEPwPLnDLYnb1pvaEcP4GP7Muz6nPXGyooXVnzBevGE3EQ0tKE+ieEYlSroA=="
    },
    "@nathanfriend/mandelbrot": {
      "version": "1.0.0",
      "resolved": "https://registry.npmjs.org/@nathanfriend/mandelbrot/-/mandelbrot-1.0.0.tgz",
      "integrity": "sha512-kC1Zbd2D3idutoVIXfM5xKu2I8eLt7dXW9mgITmb7F1zhejUkpwWIi3TH4FFp0r4Amq4d9mWr3zDxqDjx898YA=="
    },
    "@nathanfriend/nfjs-demo": {
      "version": "1.0.0",
      "resolved": "https://registry.npmjs.org/@nathanfriend/nfjs-demo/-/nfjs-demo-1.0.0.tgz",
      "integrity": "sha512-HaCwlOO3VwX9atM9WXSzrPlhGVCrBzqqwH0pyDpV8ge7Y0+x4PjWSnTzfrNF2vNOROF1OzWJxdAvO/J00VkqUg=="
    },
    "@nathanfriend/origins-host": {
      "version": "1.0.0",
      "resolved": "https://registry.npmjs.org/@nathanfriend/origins-host/-/origins-host-1.0.0.tgz",
      "integrity": "sha512-pG7OXxSz3Nh6sWi928HXputiKdYULZ1iwDGghBA6Pzh4zeP4ehv0nATvhhTNqKHWONmOpeGUgP3kHk2WQphOIg=="
    },
    "@nathanfriend/rails-tutorial-toy-app": {
      "version": "1.2.0",
      "resolved": "https://registry.npmjs.org/@nathanfriend/rails-tutorial-toy-app/-/rails-tutorial-toy-app-1.2.0.tgz",
      "integrity": "sha512-RusD/mEKxzi/cFVvKsyxCKoQWWhPhB8cPXnso8Dh0N4LnlC/YpTu7/BqvMWg4844nUl29mZJFWIgfq5ptaXODw=="
    },
    "@nathanfriend/roggle": {
      "version": "1.0.2",
      "resolved": "https://registry.npmjs.org/@nathanfriend/roggle/-/roggle-1.0.2.tgz",
      "integrity": "sha512-E4jseS/OE+VpWgYiJPz53chtrg+ltyzCAN5a7GYXfPSS7m2Zf3k/fm5SLLBWmP2RP1TTg/yrYUDORTOVd65I6A==",
      "requires": {
        "websocket": "^1.0.26"
      }
    },
    "@nathanfriend/rook": {
      "version": "1.0.2",
      "resolved": "https://registry.npmjs.org/@nathanfriend/rook/-/rook-1.0.2.tgz",
      "integrity": "sha512-p/vBQbGkSx6zZ+mAF+MWfORv2Xq2IfL+vOYQzTivRH6h8aVgtSyxC7dsxIgGsQ42JAM9CbWB3tTycxkqs4SVxA=="
    },
    "@nathanfriend/theremin": {
      "version": "1.0.0",
      "resolved": "https://registry.npmjs.org/@nathanfriend/theremin/-/theremin-1.0.0.tgz",
      "integrity": "sha512-t34/IEnwLZn1XMvguX8XR20PreNwAIkB4gcvFcRT3jalxF+j8LMRcYXQdWeMylSMWS9iQ4QE7XndaIMAXPeNGw=="
    },
    "@nathanfriend/webgl-chess": {
      "version": "1.0.0",
      "resolved": "https://registry.npmjs.org/@nathanfriend/webgl-chess/-/webgl-chess-1.0.0.tgz",
      "integrity": "sha512-qGTDFHrlddH62tCkS6lc5IKnQ1chMHxQWvYRTtKaq3JAhKDndNNJDA4wqpouk1w3Mg+7TJv6qmvNOKszBzMHBw=="
    },
    "@nathanfriend/website-3.0": {
      "version": "1.3.6",
      "resolved": "https://registry.npmjs.org/@nathanfriend/website-3.0/-/website-3.0-1.3.6.tgz",
      "integrity": "sha512-QxmEn1TJDULKPeHQ7YVrOsUEq5Y/YRn/hv4JzLspvqsZ83JHxC84POF9lO+7o3aSJUkF+hBgDkiFPb0KJ5+AOg=="
    },
    "debug": {
      "version": "2.6.9",
      "resolved": "https://registry.npmjs.org/debug/-/debug-2.6.9.tgz",
      "integrity": "sha512-bC7ElrdJaJnPbAP+1EotYvqZsb3ecl5wi6Bfi6BJTUcNowp6cvspg0jXznRTKDjm/E7AdgFBVeAPVMNcKGsHMA==",
      "requires": {
        "ms": "2.0.0"
      }
    },
    "is-typedarray": {
      "version": "1.0.0",
      "resolved": "https://registry.npmjs.org/is-typedarray/-/is-typedarray-1.0.0.tgz",
      "integrity": "sha1-5HnICFjfDBsR3dppQPlgEfzaSpo="
    },
    "ms": {
      "version": "2.0.0",
      "resolved": "https://registry.npmjs.org/ms/-/ms-2.0.0.tgz",
      "integrity": "sha1-VgiurfwAvmwpAd9fmGF4jeDVl8g="
    },
    "nan": {
      "version": "2.11.0",
      "resolved": "https://registry.npmjs.org/nan/-/nan-2.11.0.tgz",
      "integrity": "sha512-F4miItu2rGnV2ySkXOQoA8FKz/SR2Q2sWP0sbTxNxz/tuokeC8WxOhPMcwi0qIyGtVn/rrSeLbvVkznqCdwYnw=="
    },
    "typedarray-to-buffer": {
      "version": "3.1.5",
      "resolved": "https://registry.npmjs.org/typedarray-to-buffer/-/typedarray-to-buffer-3.1.5.tgz",
      "integrity": "sha512-zdu8XMNEDepKKR+XYOXAVPtWui0ly0NtohUscw+UmaHiAWT8hrV1rr//H6V+0DvJ3OQ19S979M0laLfX8rm82Q==",
      "requires": {
        "is-typedarray": "^1.0.0"
      }
    },
    "websocket": {
      "version": "1.0.26",
      "resolved": "https://registry.npmjs.org/websocket/-/websocket-1.0.26.tgz",
      "integrity": "sha512-fjcrYDPIQxpTnqFQ9JjxUQcdvR89MFAOjPBlF+vjOt49w/XW4fJknUoMz/mDIn2eK1AdslVojcaOxOqyZZV8rw==",
      "requires": {
        "debug": "^2.2.0",
        "nan": "^2.3.3",
        "typedarray-to-buffer": "^3.1.2",
        "yaeti": "^0.0.6"
      }
    },
    "yaeti": {
      "version": "0.0.6",
      "resolved": "https://registry.npmjs.org/yaeti/-/yaeti-0.0.6.tgz",
      "integrity": "sha1-8m9ITXJoTPQr7ft2lwqhYI+/lXc="
    }
  }
}
